NeoBundleLock CSApprox a2958096696f9132ef0ece44b3fab93dac6df8d0
NeoBundleLock HTML-AutoCloseTag c2f6f59cf5c08dd487ef361f93ba09317a840e25
NeoBundleLock auto-pairs 5979999a17c7330abfe1d73fd3c8d72f09d77334
NeoBundleLock ctrlp-py-matcher fb831ff903d5622b39f400fc8ba80f9bbd225307
NeoBundleLock ctrlp.vim 0404e56e674830de7a487af589a28c68b39cac90
NeoBundleLock emmet-vim 52f3af7ca8bc6a9988fcd80c7189591330fbcadd
NeoBundleLock grep.vim 852ddb0c6590bbc41c508d7f5d2fc17112492def
NeoBundleLock indentLine 2a2617310b0fb4c0daf02be2ba465fada257f2d0
NeoBundleLock jedi-vim 6b7dfe1c1afa9f40df283b2223676ba32f9aa791
NeoBundleLock neobundle.vim 30c40ccbfc6371fb922eece6e0657eb5da9e479b
NeoBundleLock nerdtree 2e2b649232d6ae4d02d74793e5da0ee08480ad8d
NeoBundleLock syntastic f2ade9c2029daf6d2d30a1a82b3d21594d361102
NeoBundleLock tagbar 7b36c46d17d57db34fdb0adac9ba6382d0bb5e66
NeoBundleLock ultisnips 1c6b4f75a006c4411d01a1234cabda3eb4aded1a
NeoBundleLock vim-airline 7b9b68f15dc50ef3c6382bd9df3a5e70c9ddcee9
NeoBundleLock vim-airline-themes 796478723c01a275269b96f63ee5cd5b44a342f4
NeoBundleLock vim-autoformat 06251ab31789b6c478358306ab0e476c7d03b0d5
NeoBundleLock vim-bootstrap-updater 779edddfe57a372890293bd3c1f09edfd7256a55
NeoBundleLock vim-coloresque 0c21b1469993e610600e88e734ffe90b9c10a514
NeoBundleLock vim-colors-solarized 528a59f26d12278698bb946f8fb82a63711eec21
NeoBundleLock vim-commentary 73e0d9a9d1f51b6cc9dc965f62669194ae851cb1
NeoBundleLock vim-css3-syntax c7cba6931d4e3f1635e0efed3116bf6c1455b005
NeoBundleLock vim-fugitive 50cc268d29c65738dab9eda8354d9387f1628519
NeoBundleLock vim-gitgutter c8fa0b33496464de1da9047f9e21a05ba4ce98f2
NeoBundleLock vim-haml 1f2e47c78c2faf90ff419c2f4e1241094844678c
NeoBundleLock vim-javascript-syntax 9e019fccd738ba73713268a327ac3765646a4edd
NeoBundleLock vim-misc 3e6b8fb6f03f13434543ce1f5d24f6a5d3f34f0b
NeoBundleLock vim-nerdtree-tabs 0decec122e9bb3e9328b01fa20a9650e79cc6ca7
NeoBundleLock vim-php-namespace e4b4295afda292f501024a433a83c49a7b95b439
NeoBundleLock vim-polyglot 7a32eec6d17ec6de269753b8ef7b11d27b562853
NeoBundleLock vim-projectionist 372d529d22ac6d2952472438157ee03b7a3fd8ae
NeoBundleLock vim-rails 21e455faa2ef451607bd6193c73b269b44d72b38
NeoBundleLock vim-rake 82ad45543f0d13dfa7d3f59ca4cd54d0e145417f
NeoBundleLock vim-rspec 2cf8c5002cb89eb8e9aabe59d25b89dc5afec88a
NeoBundleLock vim-ruby-refactoring 6447a4debc3263a0fa99feeab5548edf27ecf045
NeoBundleLock vim-session 9e9a6088f0554f6940c19889d0b2a8f39d13f2bb
NeoBundleLock vim-snippets 15d7e5ec26ec93adee4051b6359be90a943aa38d
NeoBundleLock vim-surround e49d6c2459e0f5569ff2d533b4df995dd7f98313
NeoBundleLock vim-trailing-whitespace 733fb64337b6da4a51c85a43450cd620d8b617b5
NeoBundleLock vimproc.vim c2f6b82af60a4e7acde0e8dc4e6b6f5dc1cc8e1d
NeoBundleLock vimshell.vim d36fde6da558d4cad7a1d03a07fd5e1fcf299141
